
Microsoft Visual Studio Solution File, Format Version 12.00
# Visual Studio Version 16
VisualStudioVersion = 16.0.29009.5
MinimumVisualStudioVersion = 10.0.40219.1
Project("{FAE04EC0-301F-11D3-BF4B-00C04F79EFBC}") = "Scuola", "Scuola\Scuola.csproj", "{AEAF5766-B2FC-4B8D-B453-99A502D68A16}"
EndProject
Global
	GlobalSection(SolutionConfigurationPlatforms) = preSolution
		Debug|Any CPU = Debug|Any CPU
		Release|Any CPU = Release|Any CPU
	EndGlobalSection
	GlobalSection(ProjectConfigurationPlatforms) = postSolution
		{AEAF5766-B2FC-4B8D-B453-99A502D68A16}.Debug|Any CPU.ActiveCfg = Debug|Any CPU
		{AEAF5766-B2FC-4B8D-B453-99A502D68A16}.Debug|Any CPU.Build.0 = Debug|Any CPU
		{AEAF5766-B2FC-4B8D-B453-99A502D68A16}.Release|Any CPU.ActiveCfg = Release|Any CPU
		{AEAF5766-B2FC-4B8D-B453-99A502D68A16}.Release|Any CPU.Build.0 = Release|Any CPU
	EndGlobalSection
	GlobalSection(SolutionProperties) = preSolution
		HideSolutionNode = FALSE
	EndGlobalSection
	GlobalSection(ExtensibilityGlobals) = postSolution
		SolutionGuid = {D3318A5D-6F8F-4757-B241-1F5538B1CC28}
	EndGlobalSection
EndGlobal
